
Microsoft Visual Studio Solution File, Format Version 12.00
# Visual Studio Version 17
VisualStudioVersion = 17.12.35707.178 d17.12
MinimumVisualStudioVersion = 10.0.40219.1
Project("{FAE04EC0-301F-11D3-BF4B-00C04F79EFBC}") = "MHRS.UI", "MHRS.UI\MHRS.UI.csproj", "{168F65F7-785E-47A2-8F74-D24F8A6C2CAE}"
EndProject
Global
	GlobalSection(SolutionConfigurationPlatforms) = preSolution
		Debug|Any CPU = Debug|Any CPU
		Release|Any CPU = Release|Any CPU
	EndGlobalSection
	GlobalSection(ProjectConfigurationPlatforms) = postSolution
		{168F65F7-785E-47A2-8F74-D24F8A6C2CAE}.Debug|Any CPU.ActiveCfg = Debug|Any CPU
		{168F65F7-785E-47A2-8F74-D24F8A6C2CAE}.Debug|Any CPU.Build.0 = Debug|Any CPU
		{168F65F7-785E-47A2-8F74-D24F8A6C2CAE}.Release|Any CPU.ActiveCfg = Release|Any CPU
		{168F65F7-785E-47A2-8F74-D24F8A6C2CAE}.Release|Any CPU.Build.0 = Release|Any CPU
	EndGlobalSection
	GlobalSection(SolutionProperties) = preSolution
		HideSolutionNode = FALSE
	EndGlobalSection
EndGlobal
